{
  "name": "creative-tools-shop",
  "version": "0.1.0",
  "lockfileVersion": 3,
  "requires": true,
  "packages": {
    "": {
      "name": "creative-tools-shop",
      "version": "0.1.0",
      "private": true,
      "dependencies": {
        "next": "14.2.3",
        "react": "18.2.0",
        "react-dom": "18.2.0",
        "mongoose": "^8.4.0",
        "next-auth": "^4.24.7",
        "lucide-react": "^0.462.0"
      },
      "devDependencies": {
        "tailwindcss": "^3.4.0",
        "postcss": "^8.4.0",
        "autoprefixer": "^10.4.0"
      }
    },
    "node_modules/next": {
      "version": "14.2.3",
      "resolved": "https://registry.npmjs.org/next/-/next-14.2.3.tgz",
      "integrity": "sha512-...verifyswcv...",
      "dependencies": {
        "react": "18.2.0",
        "react-dom": "18.2.0"
      }
    },
    "node_modules/react": {
      "version": "18.2.0",
      "resolved": "https://registry.npmjs.org/react/-/react-18.2.0.tgz",
      "integrity": "sha512-...verifyswcv..."
    },
    "node_modules/react-dom": {
      "version": "18.2.0",
      "resolved": "https://registry.npmjs.org/react-dom/-/react-dom-18.2.0.tgz",
      "integrity": "sha512-...verifyswcv..."
    },
    "node_modules/mongoose": {
      "version": "8.4.0",
      "resolved": "https://registry.npmjs.org/mongoose/-/mongoose-8.4.0.tgz",
      "integrity": "sha512-...verifyswcv..."
    },
    "node_modules/next-auth": {
      "version": "4.24.7",
      "resolved": "https://registry.npmjs.org/next-auth/-/next-auth-4.24.7.tgz",
      "integrity": "sha512-...verifyswcv..."
    },
    "node_modules/lucide-react": {
      "version": "0.462.0",
      "resolved": "https://registry.npmjs.org/lucide-react/-/lucide-react-0.462.0.tgz",
      "integrity": "sha512-...verifyswcv..."
    },
    "node_modules/tailwindcss": {
      "version": "3.4.0",
      "resolved": "https://registry.npmjs.org/tailwindcss/-/tailwindcss-3.4.0.tgz",
      "integrity": "sha512-...verifyswcv..."
    },
    "node_modules/postcss": {
      "version": "8.4.0",
      "resolved": "https://registry.npmjs.org/postcss/-/postcss-8.4.0.tgz",
      "integrity": "sha512-...verifyswcv..."
    },
    "node_modules/autoprefixer": {
      "version": "10.4.0",
      "resolved": "https://registry.npmjs.org/autoprefixer/-/autoprefixer-10.4.0.tgz",
      "integrity": "sha512-...verifyswcv..."
    }
  },
  "dependencies": {}
}
